{
  "name": "LOLINFO-FE",
  "lockfileVersion": 3,
  "requires": true,
  "packages": {
    "": {
      "dependencies": {
        "jotai": "^2.16.2"
      }
    },
    "node_modules/jotai": {
      "version": "2.16.2",
      "resolved": "https://registry.npmjs.org/jotai/-/jotai-2.16.2.tgz",
      "integrity": "sha512-DH0lBiTXvewsxtqqwjDW6Hg9JPTDnq9LcOsXSFWCAUEt+qj5ohl9iRVX9zQXPPHKLXCdH+5mGvM28fsXMl17/g==",
      "license": "MIT",
      "engines": {
        "node": ">=12.20.0"
      },
      "peerDependencies": {
        "@babel/core": ">=7.0.0",
        "@babel/template": ">=7.0.0",
        "@types/react": ">=17.0.0",
        "react": ">=17.0.0"
      },
      "peerDependenciesMeta": {
        "@babel/core": {
          "optional": true
        },
        "@babel/template": {
          "optional": true
        },
        "@types/react": {
          "optional": true
        },
        "react": {
          "optional": true
        }
      }
    }
  }
}
